
Microsoft Visual Studio Solution File, Format Version 12.00
# Visual Studio Version 17
VisualStudioVersion = 17.3.32819.101
MinimumVisualStudioVersion = 10.0.40219.1
Project("{FAE04EC0-301F-11D3-BF4B-00C04F79EFBC}") = "BankAccountOpeningApp", "BankAccountOpeningApp\BankAccountOpeningApp.csproj", "{53FAA4AC-0C38-45F9-8C3D-17A27FE3AAF3}"
EndProject
Global
	GlobalSection(SolutionConfigurationPlatforms) = preSolution
		Debug|Any CPU = Debug|Any CPU
		Release|Any CPU = Release|Any CPU
	EndGlobalSection
	GlobalSection(ProjectConfigurationPlatforms) = postSolution
		{53FAA4AC-0C38-45F9-8C3D-17A27FE3AAF3}.Debug|Any CPU.ActiveCfg = Debug|Any CPU
		{53FAA4AC-0C38-45F9-8C3D-17A27FE3AAF3}.Debug|Any CPU.Build.0 = Debug|Any CPU
		{53FAA4AC-0C38-45F9-8C3D-17A27FE3AAF3}.Release|Any CPU.ActiveCfg = Release|Any CPU
		{53FAA4AC-0C38-45F9-8C3D-17A27FE3AAF3}.Release|Any CPU.Build.0 = Release|Any CPU
	EndGlobalSection
	GlobalSection(SolutionProperties) = preSolution
		HideSolutionNode = FALSE
	EndGlobalSection
	GlobalSection(ExtensibilityGlobals) = postSolution
		SolutionGuid = {D8D55E75-5CCC-4D44-AC0D-86264250B27D}
	EndGlobalSection
EndGlobal
